// !$*UTF8*$!
{
	archiveVersion = 1;
	classes = {
	};
	objectVersion = 48;
	objects = {

/* Begin PBXBuildFile section */
		11186AB020F2877700573E07 /* mrreow.mp3 in Resources */ = {isa = PBXBuildFile; fileRef = 11186AAB20F2877600573E07 /* mrreow.mp3 */; };
		11186AB120F2877700573E07 /* pop.mp3 in Resources */ = {isa = PBXBuildFile; fileRef = 11186AAC20F2877600573E07 /* pop.mp3 */; };
		11186AB220F2877700573E07 /* win.mp3 in Resources */ = {isa = PBXBuildFile; fileRef = 11186AAD20F2877600573E07 /* win.mp3 */; };
		11186AB320F2877700573E07 /* lose.mp3 in Resources */ = {isa = PBXBuildFile; fileRef = 11186AAE20F2877600573E07 /* lose.mp3 */; };
		11186AB420F2877700573E07 /* backgroundMusic.mp3 in Resources */ = {isa = PBXBuildFile; fileRef = 11186AAF20F2877600573E07 /* backgroundMusic.mp3 */; };
		11D69A7E20F3B001005AF1DD /* Level1.sks in Resources */ = {isa = PBXBuildFile; fileRef = 11D69A7A20F3B001005AF1DD /* Level1.sks */; };
		11D69A7F20F3B001005AF1DD /* CatWakeUp.sks in Resources */ = {isa = PBXBuildFile; fileRef = 11D69A7B20F3B001005AF1DD /* CatWakeUp.sks */; };
		11D69A8020F3B001005AF1DD /* CatCurl.sks in Resources */ = {isa = PBXBuildFile; fileRef = 11D69A7C20F3B001005AF1DD /* CatCurl.sks */; };
		11D69A8120F3B001005AF1DD /* Cat.sks in Resources */ = {isa = PBXBuildFile; fileRef = 11D69A7D20F3B001005AF1DD /* Cat.sks */; };
		11D69A8320F3C934005AF1DD /* BedNode.swift in Sources */ = {isa = PBXBuildFile; fileRef = 11D69A8220F3C934005AF1DD /* BedNode.swift */; };
		11D69A8520F3CBDB005AF1DD /* CatNode.swift in Sources */ = {isa = PBXBuildFile; fileRef = 11D69A8420F3CBDB005AF1DD /* CatNode.swift */; };
		11F113A220F798D9000BCA4D /* SKColor+Extensions.swift in Sources */ = {isa = PBXBuildFile; fileRef = 11F1139620F798D9000BCA4D /* SKColor+Extensions.swift */; };
		11F113A320F798D9000BCA4D /* CGVector+Extensions.swift in Sources */ = {isa = PBXBuildFile; fileRef = 11F1139720F798D9000BCA4D /* CGVector+Extensions.swift */; };
		11F113A420F798D9000BCA4D /* Int+Extensions.swift in Sources */ = {isa = PBXBuildFile; fileRef = 11F1139820F798D9000BCA4D /* Int+Extensions.swift */; };
		11F113A520F798D9000BCA4D /* SKTTimingFunctions.swift in Sources */ = {isa = PBXBuildFile; fileRef = 11F1139920F798D9000BCA4D /* SKTTimingFunctions.swift */; };
		11F113A620F798D9000BCA4D /* SKAction+Extensions.swift in Sources */ = {isa = PBXBuildFile; fileRef = 11F1139A20F798D9000BCA4D /* SKAction+Extensions.swift */; };
		11F113A720F798D9000BCA4D /* SKAction+SpecialEffects.swift in Sources */ = {isa = PBXBuildFile; fileRef = 11F1139B20F798D9000BCA4D /* SKAction+SpecialEffects.swift */; };
		11F113A820F798D9000BCA4D /* SKNode+Extensions.swift in Sources */ = {isa = PBXBuildFile; fileRef = 11F1139C20F798D9000BCA4D /* SKNode+Extensions.swift */; };
		11F113A920F798D9000BCA4D /* CGPoint+Extensions.swift in Sources */ = {isa = PBXBuildFile; fileRef = 11F1139D20F798D9000BCA4D /* CGPoint+Extensions.swift */; };
		11F113AA20F798D9000BCA4D /* SKTEffects.swift in Sources */ = {isa = PBXBuildFile; fileRef = 11F1139E20F798D9000BCA4D /* SKTEffects.swift */; };
		11F113AB20F798D9000BCA4D /* SKTAudio.swift in Sources */ = {isa = PBXBuildFile; fileRef = 11F1139F20F798D9000BCA4D /* SKTAudio.swift */; };
		11F113AC20F798D9000BCA4D /* Vector3.swift in Sources */ = {isa = PBXBuildFile; fileRef = 11F113A020F798D9000BCA4D /* Vector3.swift */; };
		11F113AD20F798D9000BCA4D /* CGFloat+Extensions.swift in Sources */ = {isa = PBXBuildFile; fileRef = 11F113A120F798D9000BCA4D /* CGFloat+Extensions.swift */; };
		11F113AF20F7C310000BCA4D /* BlockNode.swift in Sources */ = {isa = PBXBuildFile; fileRef = 11F113AE20F7C310000BCA4D /* BlockNode.swift */; };
		11F113B120F927F1000BCA4D /* MessageNode.swift in Sources */ = {isa = PBXBuildFile; fileRef = 11F113B020F927F1000BCA4D /* MessageNode.swift */; };
		11F113D720FDEBC3000BCA4D /* Level2.sks in Resources */ = {isa = PBXBuildFile; fileRef = 11F113D620FDEBC3000BCA4D /* Level2.sks */; };
		11F113D920FDED2F000BCA4D /* SpringNode.swift in Sources */ = {isa = PBXBuildFile; fileRef = 11F113D820FDED2F000BCA4D /* SpringNode.swift */; };
		11F113DB20FDF127000BCA4D /* HookBaseNode.swift in Sources */ = {isa = PBXBuildFile; fileRef = 11F113DA20FDF127000BCA4D /* HookBaseNode.swift */; };
		11F113DD21011282000BCA4D /* Level3.sks in Resources */ = {isa = PBXBuildFile; fileRef = 11F113DC21011282000BCA4D /* Level3.sks */; };
		11F113DF210115B4000BCA4D /* StoneNode.swift in Sources */ = {isa = PBXBuildFile; fileRef = 11F113DE210115B4000BCA4D /* StoneNode.swift */; };
		11F113E1210119D7000BCA4D /* Level4.sks in Resources */ = {isa = PBXBuildFile; fileRef = 11F113E0210119D7000BCA4D /* Level4.sks */; };
		7FB6EB511F83082F004B18C2 /* AppDelegate.swift in Sources */ = {isa = PBXBuildFile; fileRef = 7FB6EB501F83082F004B18C2 /* AppDelegate.swift */; };
		7FB6EB571F830830004B18C2 /* GameScene.swift in Sources */ = {isa = PBXBuildFile; fileRef = 7FB6EB561F830830004B18C2 /* GameScene.swift */; };
		7FB6EB591F830830004B18C2 /* GameViewController.swift in Sources */ = {isa = PBXBuildFile; fileRef = 7FB6EB581F830830004B18C2 /* GameViewController.swift */; };
		7FB6EB5C1F830832004B18C2 /* Main.storyboard in Resources */ = {isa = PBXBuildFile; fileRef = 7FB6EB5A1F830832004B18C2 /* Main.storyboard */; };
		7FB6EB5E1F830832004B18C2 /* Assets.xcassets in Resources */ = {isa = PBXBuildFile; fileRef = 7FB6EB5D1F830832004B18C2 /* Assets.xcassets */; };
		7FB6EB611F830832004B18C2 /* LaunchScreen.storyboard in Resources */ = {isa = PBXBuildFile; fileRef = 7FB6EB5F1F830832004B18C2 /* LaunchScreen.storyboard */; };
/* End PBXBuildFile section */

/* Begin PBXFileReference section */
		11186AAB20F2877600573E07 /* mrreow.mp3 */ = {isa = PBXFileReference; lastKnownFileType = audio.mp3; path = mrreow.mp3; sourceTree = "<group>"; };
		11186AAC20F2877600573E07 /* pop.mp3 */ = {isa = PBXFileReference; lastKnownFileType = audio.mp3; path = pop.mp3; sourceTree = "<group>"; };
		11186AAD20F2877600573E07 /* win.mp3 */ = {isa = PBXFileReference; lastKnownFileType = audio.mp3; path = win.mp3; sourceTree = "<group>"; };
		11186AAE20F2877600573E07 /* lose.mp3 */ = {isa = PBXFileReference; lastKnownFileType = audio.mp3; path = lose.mp3; sourceTree = "<group>"; };
		11186AAF20F2877600573E07 /* backgroundMusic.mp3 */ = {isa = PBXFileReference; lastKnownFileType = audio.mp3; path = backgroundMusic.mp3; sourceTree = "<group>"; };
		11D69A7A20F3B001005AF1DD /* Level1.sks */ = {isa = PBXFileReference; lastKnownFileType = file.sks; path = Level1.sks; sourceTree = "<group>"; };
		11D69A7B20F3B001005AF1DD /* CatWakeUp.sks */ = {isa = PBXFileReference; lastKnownFileType = file.sks; path = CatWakeUp.sks; sourceTree = "<group>"; };
		11D69A7C20F3B001005AF1DD /* CatCurl.sks */ = {isa = PBXFileReference; lastKnownFileType = file.sks; path = CatCurl.sks; sourceTree = "<group>"; };
		11D69A7D20F3B001005AF1DD /* Cat.sks */ = {isa = PBXFileReference; lastKnownFileType = file.sks; path = Cat.sks; sourceTree = "<group>"; };
		11D69A8220F3C934005AF1DD /* BedNode.swift */ = {isa = PBXFileReference; lastKnownFileType = sourcecode.swift; path = BedNode.swift; sourceTree = "<group>"; };
		11D69A8420F3CBDB005AF1DD /* CatNode.swift */ = {isa = PBXFileReference; lastKnownFileType = sourcecode.swift; path = CatNode.swift; sourceTree = "<group>"; };
		11F1139620F798D9000BCA4D /* SKColor+Extensions.swift */ = {isa = PBXFileReference; fileEncoding = 4; lastKnownFileType = sourcecode.swift; path = "SKColor+Extensions.swift"; sourceTree = "<group>"; };
		11F1139720F798D9000BCA4D /* CGVector+Extensions.swift */ = {isa = PBXFileReference; fileEncoding = 4; lastKnownFileType = sourcecode.swift; path = "CGVector+Extensions.swift"; sourceTree = "<group>"; };
		11F1139820F798D9000BCA4D /* Int+Extensions.swift */ = {isa = PBXFileReference; fileEncoding = 4; lastKnownFileType = sourcecode.swift; path = "Int+Extensions.swift"; sourceTree = "<group>"; };
		11F1139920F798D9000BCA4D /* SKTTimingFunctions.swift */ = {isa = PBXFileReference; fileEncoding = 4; lastKnownFileType = sourcecode.swift; path = SKTTimingFunctions.swift; sourceTree = "<group>"; };
		11F1139A20F798D9000BCA4D /* SKAction+Extensions.swift */ = {isa = PBXFileReference; fileEncoding = 4; lastKnownFileType = sourcecode.swift; path = "SKAction+Extensions.swift"; sourceTree = "<group>"; };
		11F1139B20F798D9000BCA4D /* SKAction+SpecialEffects.swift */ = {isa = PBXFileReference; fileEncoding = 4; lastKnownFileType = sourcecode.swift; path = "SKAction+SpecialEffects.swift"; sourceTree = "<group>"; };
		11F1139C20F798D9000BCA4D /* SKNode+Extensions.swift */ = {isa = PBXFileReference; fileEncoding = 4; lastKnownFileType = sourcecode.swift; path = "SKNode+Extensions.swift"; sourceTree = "<group>"; };
		11F1139D20F798D9000BCA4D /* CGPoint+Extensions.swift */ = {isa = PBXFileReference; fileEncoding = 4; lastKnownFileType = sourcecode.swift; path = "CGPoint+Extensions.swift"; sourceTree = "<group>"; };
		11F1139E20F798D9000BCA4D /* SKTEffects.swift */ = {isa = PBXFileReference; fileEncoding = 4; lastKnownFileType = sourcecode.swift; path = SKTEffects.swift; sourceTree = "<group>"; };
		11F1139F20F798D9000BCA4D /* SKTAudio.swift */ = {isa = PBXFileReference; fileEncoding = 4; lastKnownFileType = sourcecode.swift; path = SKTAudio.swift; sourceTree = "<group>"; };
		11F113A020F798D9000BCA4D /* Vector3.swift */ = {isa = PBXFileReference; fileEncoding = 4; lastKnownFileType = sourcecode.swift; path = Vector3.swift; sourceTree = "<group>"; };
		11F113A120F798D9000BCA4D /* CGFloat+Extensions.swift */ = {isa = PBXFileReference; fileEncoding = 4; lastKnownFileType = sourcecode.swift; path = "CGFloat+Extensions.swift"; sourceTree = "<group>"; };
		11F113AE20F7C310000BCA4D /* BlockNode.swift */ = {isa = PBXFileReference; lastKnownFileType = sourcecode.swift; path = BlockNode.swift; sourceTree = "<group>"; };
		11F113B020F927F1000BCA4D /* MessageNode.swift */ = {isa = PBXFileReference; lastKnownFileType = sourcecode.swift; path = MessageNode.swift; sourceTree = "<group>"; };
		11F113D620FDEBC3000BCA4D /* Level2.sks */ = {isa = PBXFileReference; lastKnownFileType = file.sks; path = Level2.sks; sourceTree = "<group>"; };
		11F113D820FDED2F000BCA4D /* SpringNode.swift */ = {isa = PBXFileReference; lastKnownFileType = sourcecode.swift; path = SpringNode.swift; sourceTree = "<group>"; };
		11F113DA20FDF127000BCA4D /* HookBaseNode.swift */ = {isa = PBXFileReference; lastKnownFileType = sourcecode.swift; path = HookBaseNode.swift; sourceTree = "<group>"; };
		11F113DC21011282000BCA4D /* Level3.sks */ = {isa = PBXFileReference; lastKnownFileType = file.sks; path = Level3.sks; sourceTree = "<group>"; };
		11F113DE210115B4000BCA4D /* StoneNode.swift */ = {isa = PBXFileReference; lastKnownFileType = sourcecode.swift; path = StoneNode.swift; sourceTree = "<group>"; };
		11F113E0210119D7000BCA4D /* Level4.sks */ = {isa = PBXFileReference; lastKnownFileType = file.sks; path = Level4.sks; sourceTree = "<group>"; };
		7FB6EB4D1F83082F004B18C2 /* CatNap.app */ = {isa = PBXFileReference; explicitFileType = wrapper.application; includeInIndex = 0; path = CatNap.app; sourceTree = BUILT_PRODUCTS_DIR; };
		7FB6EB501F83082F004B18C2 /* AppDelegate.swift */ = {isa = PBXFileReference; lastKnownFileType = sourcecode.swift; path = AppDelegate.swift; sourceTree = "<group>"; };
		7FB6EB561F830830004B18C2 /* GameScene.swift */ = {isa = PBXFileReference; lastKnownFileType = sourcecode.swift; path = GameScene.swift; sourceTree = "<group>"; };
		7FB6EB581F830830004B18C2 /* GameViewController.swift */ = {isa = PBXFileReference; lastKnownFileType = sourcecode.swift; path = GameViewController.swift; sourceTree = "<group>"; };
		7FB6EB5B1F830832004B18C2 /* Base */ = {isa = PBXFileReference; lastKnownFileType = file.storyboard; name = Base; path = Base.lproj/Main.storyboard; sourceTree = "<group>"; };
		7FB6EB5D1F830832004B18C2 /* Assets.xcassets */ = {isa = PBXFileReference; lastKnownFileType = folder.assetcatalog; path = Assets.xcassets; sourceTree = "<group>"; };
		7FB6EB601F830832004B18C2 /* Base */ = {isa = PBXFileReference; lastKnownFileType = file.storyboard; name = Base; path = Base.lproj/LaunchScreen.storyboard; sourceTree = "<group>"; };
		7FB6EB621F830832004B18C2 /* Info.plist */ = {isa = PBXFileReference; lastKnownFileType = text.plist.xml; path = Info.plist; sourceTree = "<group>"; };
/* End PBXFileReference section */

/* Begin PBXFrameworksBuildPhase section */
		7FB6EB4A1F83082E004B18C2 /* Frameworks */ = {
			isa = PBXFrameworksBuildPhase;
			buildActionMask = 2147483647;
			files = (
			);
			runOnlyForDeploymentPostprocessing = 0;
		};
/* End PBXFrameworksBuildPhase section */

/* Begin PBXGroup section */
		11186A9F20F285D800573E07 /* Supporting Files */ = {
			isa = PBXGroup;
			children = (
				11F1139520F798D9000BCA4D /* SKTUtils */,
				7FB6EB621F830832004B18C2 /* Info.plist */,
			);
			name = "Supporting Files";
			sourceTree = "<group>";
		};
		11186AA120F285E900573E07 /* Resources */ = {
			isa = PBXGroup;
			children = (
				7FB6EB5D1F830832004B18C2 /* Assets.xcassets */,
				11186AAA20F2877600573E07 /* Sounds */,
			);
			name = Resources;
			sourceTree = "<group>";
		};
		11186AA720F2860800573E07 /* Controller */ = {
			isa = PBXGroup;
			children = (
				7FB6EB561F830830004B18C2 /* GameScene.swift */,
				7FB6EB581F830830004B18C2 /* GameViewController.swift */,
			);
			path = Controller;
			sourceTree = "<group>";
		};
		11186AA920F2861300573E07 /* View */ = {
			isa = PBXGroup;
			children = (
				11186AB720F28DD000573E07 /* Scenes */,
				7FB6EB5A1F830832004B18C2 /* Main.storyboard */,
				7FB6EB5F1F830832004B18C2 /* LaunchScreen.storyboard */,
			);
			path = View;
			sourceTree = "<group>";
		};
		11186AAA20F2877600573E07 /* Sounds */ = {
			isa = PBXGroup;
			children = (
				11186AAB20F2877600573E07 /* mrreow.mp3 */,
				11186AAC20F2877600573E07 /* pop.mp3 */,
				11186AAD20F2877600573E07 /* win.mp3 */,
				11186AAE20F2877600573E07 /* lose.mp3 */,
				11186AAF20F2877600573E07 /* backgroundMusic.mp3 */,
			);
			path = Sounds;
			sourceTree = "<group>";
		};
		11186AB620F28D8700573E07 /* Model */ = {
			isa = PBXGroup;
			children = (
				11D69A8220F3C934005AF1DD /* BedNode.swift */,
				11D69A8420F3CBDB005AF1DD /* CatNode.swift */,
				11F113AE20F7C310000BCA4D /* BlockNode.swift */,
				11F113B020F927F1000BCA4D /* MessageNode.swift */,
				11F113D820FDED2F000BCA4D /* SpringNode.swift */,
				11F113DA20FDF127000BCA4D /* HookBaseNode.swift */,
				11F113DE210115B4000BCA4D /* StoneNode.swift */,
			);
			path = Model;
			sourceTree = "<group>";
		};
		11186AB720F28DD000573E07 /* Scenes */ = {
			isa = PBXGroup;
			children = (
				11D69A7A20F3B001005AF1DD /* Level1.sks */,
				11F113D620FDEBC3000BCA4D /* Level2.sks */,
				11F113DC21011282000BCA4D /* Level3.sks */,
				11F113E0210119D7000BCA4D /* Level4.sks */,
				11D69A7D20F3B001005AF1DD /* Cat.sks */,
				11D69A7C20F3B001005AF1DD /* CatCurl.sks */,
				11D69A7B20F3B001005AF1DD /* CatWakeUp.sks */,
			);
			name = Scenes;
			sourceTree = "<group>";
		};
		11F1139520F798D9000BCA4D /* SKTUtils */ = {
			isa = PBXGroup;
			children = (
				11F1139620F798D9000BCA4D /* SKColor+Extensions.swift */,
				11F1139720F798D9000BCA4D /* CGVector+Extensions.swift */,
				11F1139820F798D9000BCA4D /* Int+Extensions.swift */,
				11F1139920F798D9000BCA4D /* SKTTimingFunctions.swift */,
				11F1139A20F798D9000BCA4D /* SKAction+Extensions.swift */,
				11F1139B20F798D9000BCA4D /* SKAction+SpecialEffects.swift */,
				11F1139C20F798D9000BCA4D /* SKNode+Extensions.swift */,
				11F1139D20F798D9000BCA4D /* CGPoint+Extensions.swift */,
				11F1139E20F798D9000BCA4D /* SKTEffects.swift */,
				11F1139F20F798D9000BCA4D /* SKTAudio.swift */,
				11F113A020F798D9000BCA4D /* Vector3.swift */,
				11F113A120F798D9000BCA4D /* CGFloat+Extensions.swift */,
			);
			path = SKTUtils;
			sourceTree = "<group>";
		};
		7FB6EB441F83082B004B18C2 = {
			isa = PBXGroup;
			children = (
				7FB6EB4F1F83082F004B18C2 /* CatNap */,
				7FB6EB4E1F83082F004B18C2 /* Products */,
			);
			sourceTree = "<group>";
		};
		7FB6EB4E1F83082F004B18C2 /* Products */ = {
			isa = PBXGroup;
			children = (
				7FB6EB4D1F83082F004B18C2 /* CatNap.app */,
			);
			name = Products;
			sourceTree = "<group>";
		};
		7FB6EB4F1F83082F004B18C2 /* CatNap */ = {
			isa = PBXGroup;
			children = (
				7FB6EB501F83082F004B18C2 /* AppDelegate.swift */,
				11186AB620F28D8700573E07 /* Model */,
				11186AA920F2861300573E07 /* View */,
				11186AA720F2860800573E07 /* Controller */,
				11186AA120F285E900573E07 /* Resources */,
				11186A9F20F285D800573E07 /* Supporting Files */,
			);
			path = CatNap;
			sourceTree = "<group>";
		};
/* End PBXGroup section */

/* Begin PBXNativeTarget section */
		7FB6EB4C1F83082E004B18C2 /* CatNap */ = {
			isa = PBXNativeTarget;
			buildConfigurationList = 7FB6EB651F830833004B18C2 /* Build configuration list for PBXNativeTarget "CatNap" */;
			buildPhases = (
				7FB6EB491F83082E004B18C2 /* Sources */,
				7FB6EB4A1F83082E004B18C2 /* Frameworks */,
				7FB6EB4B1F83082E004B18C2 /* Resources */,
			);
			buildRules = (
			);
			dependencies = (
			);
			name = CatNap;
			productName = "Cat Nap";
			productReference = 7FB6EB4D1F83082F004B18C2 /* CatNap.app */;
			productType = "com.apple.product-type.application";
		};
/* End PBXNativeTarget section */

/* Begin PBXProject section */
		7FB6EB451F83082C004B18C2 /* Project object */ = {
			isa = PBXProject;
			attributes = {
				LastSwiftUpdateCheck = 0900;
				LastUpgradeCheck = 1000;
				ORGANIZATIONNAME = "Neil Hiddink";
				TargetAttributes = {
					7FB6EB4C1F83082E004B18C2 = {
						CreatedOnToolsVersion = 9.0;
						ProvisioningStyle = Automatic;
					};
				};
			};
			buildConfigurationList = 7FB6EB481F83082C004B18C2 /* Build configuration list for PBXProject "CatNap" */;
			compatibilityVersion = "Xcode 8.0";
			developmentRegion = en;
			hasScannedForEncodings = 0;
			knownRegions = (
				en,
				Base,
			);
			mainGroup = 7FB6EB441F83082B004B18C2;
			productRefGroup = 7FB6EB4E1F83082F004B18C2 /* Products */;
			projectDirPath = "";
			projectRoot = "";
			targets = (
				7FB6EB4C1F83082E004B18C2 /* CatNap */,
			);
		};
/* End PBXProject section */

/* Begin PBXResourcesBuildPhase section */
		7FB6EB4B1F83082E004B18C2 /* Resources */ = {
			isa = PBXResourcesBuildPhase;
			buildActionMask = 2147483647;
			files = (
				7FB6EB5C1F830832004B18C2 /* Main.storyboard in Resources */,
				11186AB320F2877700573E07 /* lose.mp3 in Resources */,
				7FB6EB5E1F830832004B18C2 /* Assets.xcassets in Resources */,
				11D69A8020F3B001005AF1DD /* CatCurl.sks in Resources */,
				11F113DD21011282000BCA4D /* Level3.sks in Resources */,
				11F113D720FDEBC3000BCA4D /* Level2.sks in Resources */,
				11D69A7F20F3B001005AF1DD /* CatWakeUp.sks in Resources */,
				11186AB220F2877700573E07 /* win.mp3 in Resources */,
				11D69A8120F3B001005AF1DD /* Cat.sks in Resources */,
				7FB6EB611F830832004B18C2 /* LaunchScreen.storyboard in Resources */,
				11186AB020F2877700573E07 /* mrreow.mp3 in Resources */,
				11186AB120F2877700573E07 /* pop.mp3 in Resources */,
				11D69A7E20F3B001005AF1DD /* Level1.sks in Resources */,
				11186AB420F2877700573E07 /* backgroundMusic.mp3 in Resources */,
				11F113E1210119D7000BCA4D /* Level4.sks in Resources */,
			);
			runOnlyForDeploymentPostprocessing = 0;
		};
/* End PBXResourcesBuildPhase section */

/* Begin PBXSourcesBuildPhase section */
		7FB6EB491F83082E004B18C2 /* Sources */ = {
			isa = PBXSourcesBuildPhase;
			buildActionMask = 2147483647;
			files = (
				7FB6EB571F830830004B18C2 /* GameScene.swift in Sources */,
				11F113B120F927F1000BCA4D /* MessageNode.swift in Sources */,
				11F113A620F798D9000BCA4D /* SKAction+Extensions.swift in Sources */,
				11F113A520F798D9000BCA4D /* SKTTimingFunctions.swift in Sources */,
				11F113A320F798D9000BCA4D /* CGVector+Extensions.swift in Sources */,
				11F113A920F798D9000BCA4D /* CGPoint+Extensions.swift in Sources */,
				11F113A720F798D9000BCA4D /* SKAction+SpecialEffects.swift in Sources */,
				11F113DF210115B4000BCA4D /* StoneNode.swift in Sources */,
				11F113AB20F798D9000BCA4D /* SKTAudio.swift in Sources */,
				11F113A820F798D9000BCA4D /* SKNode+Extensions.swift in Sources */,
				11F113AA20F798D9000BCA4D /* SKTEffects.swift in Sources */,
				11F113AF20F7C310000BCA4D /* BlockNode.swift in Sources */,
				11F113A220F798D9000BCA4D /* SKColor+Extensions.swift in Sources */,
				11D69A8520F3CBDB005AF1DD /* CatNode.swift in Sources */,
				11D69A8320F3C934005AF1DD /* BedNode.swift in Sources */,
				11F113A420F798D9000BCA4D /* Int+Extensions.swift in Sources */,
				7FB6EB591F830830004B18C2 /* GameViewController.swift in Sources */,
				11F113DB20FDF127000BCA4D /* HookBaseNode.swift in Sources */,
				11F113D920FDED2F000BCA4D /* SpringNode.swift in Sources */,
				11F113AD20F798D9000BCA4D /* CGFloat+Extensions.swift in Sources */,
				11F113AC20F798D9000BCA4D /* Vector3.swift in Sources */,
				7FB6EB511F83082F004B18C2 /* AppDelegate.swift in Sources */,
			);
			runOnlyForDeploymentPostprocessing = 0;
		};
/* End PBXSourcesBuildPhase section */

/* Begin PBXVariantGroup section */
		7FB6EB5A1F830832004B18C2 /* Main.storyboard */ = {
			isa = PBXVariantGroup;
			children = (
				7FB6EB5B1F830832004B18C2 /* Base */,
			);
			name = Main.storyboard;
			sourceTree = "<group>";
		};
		7FB6EB5F1F830832004B18C2 /* LaunchScreen.storyboard */ = {
			isa = PBXVariantGroup;
			children = (
				7FB6EB601F830832004B18C2 /* Base */,
			);
			name = LaunchScreen.storyboard;
			sourceTree = "<group>";
		};
/* End PBXVariantGroup section */

/* Begin XCBuildConfiguration section */
		7FB6EB631F830832004B18C2 /* Debug */ = {
			isa = XCBuildConfiguration;
			buildSettings = {
				ALWAYS_SEARCH_USER_PATHS = NO;
				CLANG_ANALYZER_NONNULL = YES;
				CLANG_ANALYZER_NUMBER_OBJECT_CONVERSION = YES_AGGRESSIVE;
				CLANG_CXX_LANGUAGE_STANDARD = "gnu++14";
				CLANG_CXX_LIBRARY = "libc++";
				CLANG_ENABLE_MODULES = YES;
				CLANG_ENABLE_OBJC_ARC = YES;
				CLANG_WARN_BLOCK_CAPTURE_AUTORELEASING = YES;
				CLANG_WARN_BOOL_CONVERSION = YES;
				CLANG_WARN_COMMA = YES;
				CLANG_WARN_CONSTANT_CONVERSION = YES;
				CLANG_WARN_DEPRECATED_OBJC_IMPLEMENTATIONS = YES;
				CLANG_WARN_DIRECT_OBJC_ISA_USAGE = YES_ERROR;
				CLANG_WARN_DOCUMENTATION_COMMENTS = YES;
				CLANG_WARN_EMPTY_BODY = YES;
				CLANG_WARN_ENUM_CONVERSION = YES;
				CLANG_WARN_INFINITE_RECURSION = YES;
				CLANG_WARN_INT_CONVERSION = YES;
				CLANG_WARN_NON_LITERAL_NULL_CONVERSION = YES;
				CLANG_WARN_OBJC_IMPLICIT_RETAIN_SELF = YES;
				CLANG_WARN_OBJC_LITERAL_CONVERSION = YES;
				CLANG_WARN_OBJC_ROOT_CLASS = YES_ERROR;
				CLANG_WARN_RANGE_LOOP_ANALYSIS = YES;
				CLANG_WARN_STRICT_PROTOTYPES = YES;
				CLANG_WARN_SUSPICIOUS_MOVE = YES;
				CLANG_WARN_UNGUARDED_AVAILABILITY = YES_AGGRESSIVE;
				CLANG_WARN_UNREACHABLE_CODE = YES;
				CLANG_WARN__DUPLICATE_METHOD_MATCH = YES;
				CODE_SIGN_IDENTITY = "iPhone Developer";
				COPY_PHASE_STRIP = NO;
				DEBUG_INFORMATION_FORMAT = dwarf;
				ENABLE_STRICT_OBJC_MSGSEND = YES;
				ENABLE_TESTABILITY = YES;
				GCC_C_LANGUAGE_STANDARD = gnu11;
				GCC_DYNAMIC_NO_PIC = NO;
				GCC_NO_COMMON_BLOCKS = YES;
				GCC_OPTIMIZATION_LEVEL = 0;
				GCC_PREPROCESSOR_DEFINITIONS = (
					"DEBUG=1",
					"$(inherited)",
				);
				GCC_WARN_64_TO_32_BIT_CONVERSION = YES;
				GCC_WARN_ABOUT_RETURN_TYPE = YES_ERROR;
				GCC_WARN_UNDECLARED_SELECTOR = YES;
				GCC_WARN_UNINITIALIZED_AUTOS = YES_AGGRESSIVE;
				GCC_WARN_UNUSED_FUNCTION = YES;
				GCC_WARN_UNUSED_VARIABLE = YES;
				IPHONEOS_DEPLOYMENT_TARGET = 11.0;
				MTL_ENABLE_DEBUG_INFO = YES;
				ONLY_ACTIVE_ARCH = YES;
				SDKROOT = iphoneos;
				SWIFT_ACTIVE_COMPILATION_CONDITIONS = DEBUG;
				SWIFT_OPTIMIZATION_LEVEL = "-Onone";
			};
			name = Debug;
		};
		7FB6EB641F830832004B18C2 /* Release */ = {
			isa = XCBuildConfiguration;
			buildSettings = {
				ALWAYS_SEARCH_USER_PATHS = NO;
				CLANG_ANALYZER_NONNULL = YES;
				CLANG_ANALYZER_NUMBER_OBJECT_CONVERSION = YES_AGGRESSIVE;
				CLANG_CXX_LANGUAGE_STANDARD = "gnu++14";
				CLANG_CXX_LIBRARY = "libc++";
				CLANG_ENABLE_MODULES = YES;
				CLANG_ENABLE_OBJC_ARC = YES;
				CLANG_WARN_BLOCK_CAPTURE_AUTORELEASING = YES;
				CLANG_WARN_BOOL_CONVERSION = YES;
				CLANG_WARN_COMMA = YES;
				CLANG_WARN_CONSTANT_CONVERSION = YES;
				CLANG_WARN_DEPRECATED_OBJC_IMPLEMENTATIONS = YES;
				CLANG_WARN_DIRECT_OBJC_ISA_USAGE = YES_ERROR;
				CLANG_WARN_DOCUMENTATION_COMMENTS = YES;
				CLANG_WARN_EMPTY_BODY = YES;
				CLANG_WARN_ENUM_CONVERSION = YES;
				CLANG_WARN_INFINITE_RECURSION = YES;
				CLANG_WARN_INT_CONVERSION = YES;
				CLANG_WARN_NON_LITERAL_NULL_CONVERSION = YES;
				CLANG_WARN_OBJC_IMPLICIT_RETAIN_SELF = YES;
				CLANG_WARN_OBJC_LITERAL_CONVERSION = YES;
				CLANG_WARN_OBJC_ROOT_CLASS = YES_ERROR;
				CLANG_WARN_RANGE_LOOP_ANALYSIS = YES;
				CLANG_WARN_STRICT_PROTOTYPES = YES;
				CLANG_WARN_SUSPICIOUS_MOVE = YES;
				CLANG_WARN_UNGUARDED_AVAILABILITY = YES_AGGRESSIVE;
				CLANG_WARN_UNREACHABLE_CODE = YES;
				CLANG_WARN__DUPLICATE_METHOD_MATCH = YES;
				CODE_SIGN_IDENTITY = "iPhone Developer";
				COPY_PHASE_STRIP = NO;
				DEBUG_INFORMATION_FORMAT = "dwarf-with-dsym";
				ENABLE_NS_ASSERTIONS = NO;
				ENABLE_STRICT_OBJC_MSGSEND = YES;
				GCC_C_LANGUAGE_STANDARD = gnu11;
				GCC_NO_COMMON_BLOCKS = YES;
				GCC_WARN_64_TO_32_BIT_CONVERSION = YES;
				GCC_WARN_ABOUT_RETURN_TYPE = YES_ERROR;
				GCC_WARN_UNDECLARED_SELECTOR = YES;
				GCC_WARN_UNINITIALIZED_AUTOS = YES_AGGRESSIVE;
				GCC_WARN_UNUSED_FUNCTION = YES;
				GCC_WARN_UNUSED_VARIABLE = YES;
				IPHONEOS_DEPLOYMENT_TARGET = 11.0;
				MTL_ENABLE_DEBUG_INFO = NO;
				SDKROOT = iphoneos;
				SWIFT_OPTIMIZATION_LEVEL = "-Owholemodule";
				VALIDATE_PRODUCT = YES;
			};
			name = Release;
		};
		7FB6EB661F830833004B18C2 /* Debug */ = {
			isa = XCBuildConfiguration;
			buildSettings = {
				ASSETCATALOG_COMPILER_APPICON_NAME = AppIcon;
				CODE_SIGN_STYLE = Automatic;
				DEVELOPMENT_TEAM = 7G4UHWJ29G;
				INFOPLIST_FILE = "$(SRCROOT)/CatNap/Info.plist";
				LD_RUNPATH_SEARCH_PATHS = "$(inherited) @executable_path/Frameworks";
				PRODUCT_BUNDLE_IDENTIFIER = "com.Neil-Hiddink.Cat-Nap";
				PRODUCT_NAME = "$(TARGET_NAME)";
				SWIFT_VERSION = 4.0;
				TARGETED_DEVICE_FAMILY = "1,2";
			};
			name = Debug;
		};
		7FB6EB671F830833004B18C2 /* Release */ = {
			isa = XCBuildConfiguration;
			buildSettings = {
				ASSETCATALOG_COMPILER_APPICON_NAME = AppIcon;
				CODE_SIGN_STYLE = Automatic;
				DEVELOPMENT_TEAM = 7G4UHWJ29G;
				INFOPLIST_FILE = "$(SRCROOT)/CatNap/Info.plist";
				LD_RUNPATH_SEARCH_PATHS = "$(inherited) @executable_path/Frameworks";
				PRODUCT_BUNDLE_IDENTIFIER = "com.Neil-Hiddink.Cat-Nap";
				PRODUCT_NAME = "$(TARGET_NAME)";
				SWIFT_VERSION = 4.0;
				TARGETED_DEVICE_FAMILY = "1,2";
			};
			name = Release;
		};
/* End XCBuildConfiguration section */

/* Begin XCConfigurationList section */
		7FB6EB481F83082C004B18C2 /* Build configuration list for PBXProject "CatNap" */ = {
			isa = XCConfigurationList;
			buildConfigurations = (
				7FB6EB631F830832004B18C2 /* Debug */,
				7FB6EB641F830832004B18C2 /* Release */,
			);
			defaultConfigurationIsVisible = 0;
			defaultConfigurationName = Release;
		};
		7FB6EB651F830833004B18C2 /* Build configuration list for PBXNativeTarget "CatNap" */ = {
			isa = XCConfigurationList;
			buildConfigurations = (
				7FB6EB661F830833004B18C2 /* Debug */,
				7FB6EB671F830833004B18C2 /* Release */,
			);
			defaultConfigurationIsVisible = 0;
			defaultConfigurationName = Release;
		};
/* End XCConfigurationList section */
	};
	rootObject = 7FB6EB451F83082C004B18C2 /* Project object */;
}
