// !$*UTF8*$!
{
	archiveVersion = 1;
	classes = {
	};
	objectVersion = 48;
	objects = {

/* Begin PBXBuildFile section */
		7F0DEA0E1F797B8C00F144B5 /* AppDelegate.swift in Sources */ = {isa = PBXBuildFile; fileRef = 7F0DEA0D1F797B8C00F144B5 /* AppDelegate.swift */; };
		7F0DEA141F797B8F00F144B5 /* GameScene.swift in Sources */ = {isa = PBXBuildFile; fileRef = 7F0DEA131F797B8F00F144B5 /* GameScene.swift */; };
		7F0DEA161F797B8F00F144B5 /* GameViewController.swift in Sources */ = {isa = PBXBuildFile; fileRef = 7F0DEA151F797B8F00F144B5 /* GameViewController.swift */; };
		7F0DEA191F797B9000F144B5 /* Main.storyboard in Resources */ = {isa = PBXBuildFile; fileRef = 7F0DEA171F797B9000F144B5 /* Main.storyboard */; };
		7F0DEA1B1F797B9000F144B5 /* Assets.xcassets in Resources */ = {isa = PBXBuildFile; fileRef = 7F0DEA1A1F797B9000F144B5 /* Assets.xcassets */; };
		7F0DEA1E1F797B9300F144B5 /* LaunchScreen.storyboard in Resources */ = {isa = PBXBuildFile; fileRef = 7F0DEA1C1F797B9300F144B5 /* LaunchScreen.storyboard */; };
		7F0DEA281F797E2D00F144B5 /* edunline.ttf in Resources */ = {isa = PBXBuildFile; fileRef = 7F0DEA271F797D6500F144B5 /* edunline.ttf */; };
		7F3020AB1F79F091001244B0 /* Entity.swift in Sources */ = {isa = PBXBuildFile; fileRef = 7F3020AA1F79F090001244B0 /* Entity.swift */; };
/* End PBXBuildFile section */

/* Begin PBXFileReference section */
		7F0DEA0A1F797B8C00F144B5 /* XBlaster.app */ = {isa = PBXFileReference; explicitFileType = wrapper.application; includeInIndex = 0; path = XBlaster.app; sourceTree = BUILT_PRODUCTS_DIR; };
		7F0DEA0D1F797B8C00F144B5 /* AppDelegate.swift */ = {isa = PBXFileReference; lastKnownFileType = sourcecode.swift; path = AppDelegate.swift; sourceTree = "<group>"; };
		7F0DEA131F797B8F00F144B5 /* GameScene.swift */ = {isa = PBXFileReference; lastKnownFileType = sourcecode.swift; path = GameScene.swift; sourceTree = "<group>"; };
		7F0DEA151F797B8F00F144B5 /* GameViewController.swift */ = {isa = PBXFileReference; lastKnownFileType = sourcecode.swift; path = GameViewController.swift; sourceTree = "<group>"; };
		7F0DEA181F797B9000F144B5 /* Base */ = {isa = PBXFileReference; lastKnownFileType = file.storyboard; name = Base; path = Base.lproj/Main.storyboard; sourceTree = "<group>"; };
		7F0DEA1A1F797B9000F144B5 /* Assets.xcassets */ = {isa = PBXFileReference; lastKnownFileType = folder.assetcatalog; path = Assets.xcassets; sourceTree = "<group>"; };
		7F0DEA1D1F797B9300F144B5 /* Base */ = {isa = PBXFileReference; lastKnownFileType = file.storyboard; name = Base; path = Base.lproj/LaunchScreen.storyboard; sourceTree = "<group>"; };
		7F0DEA1F1F797B9300F144B5 /* Info.plist */ = {isa = PBXFileReference; lastKnownFileType = text.plist.xml; path = Info.plist; sourceTree = "<group>"; };
		7F0DEA271F797D6500F144B5 /* edunline.ttf */ = {isa = PBXFileReference; lastKnownFileType = file; path = edunline.ttf; sourceTree = "<group>"; };
		7F3020AA1F79F090001244B0 /* Entity.swift */ = {isa = PBXFileReference; lastKnownFileType = sourcecode.swift; path = Entity.swift; sourceTree = "<group>"; };
/* End PBXFileReference section */

/* Begin PBXFrameworksBuildPhase section */
		7F0DEA071F797B8C00F144B5 /* Frameworks */ = {
			isa = PBXFrameworksBuildPhase;
			buildActionMask = 2147483647;
			files = (
			);
			runOnlyForDeploymentPostprocessing = 0;
		};
/* End PBXFrameworksBuildPhase section */

/* Begin PBXGroup section */
		7F0DEA011F797B8B00F144B5 = {
			isa = PBXGroup;
			children = (
				7F0DEA0C1F797B8C00F144B5 /* XBlaster */,
				7F0DEA0B1F797B8C00F144B5 /* Products */,
			);
			sourceTree = "<group>";
		};
		7F0DEA0B1F797B8C00F144B5 /* Products */ = {
			isa = PBXGroup;
			children = (
				7F0DEA0A1F797B8C00F144B5 /* XBlaster.app */,
			);
			name = Products;
			sourceTree = "<group>";
		};
		7F0DEA0C1F797B8C00F144B5 /* XBlaster */ = {
			isa = PBXGroup;
			children = (
				7F3020A91F79EEFC001244B0 /* Entities */,
				7F0DEA0D1F797B8C00F144B5 /* AppDelegate.swift */,
				7F0DEA131F797B8F00F144B5 /* GameScene.swift */,
				7F0DEA151F797B8F00F144B5 /* GameViewController.swift */,
				7F0DEA171F797B9000F144B5 /* Main.storyboard */,
				7F0DEA1A1F797B9000F144B5 /* Assets.xcassets */,
				7F0DEA1C1F797B9300F144B5 /* LaunchScreen.storyboard */,
				7F0DEA251F797C8B00F144B5 /* Resources */,
				7F0DEA1F1F797B9300F144B5 /* Info.plist */,
			);
			path = XBlaster;
			sourceTree = "<group>";
		};
		7F0DEA251F797C8B00F144B5 /* Resources */ = {
			isa = PBXGroup;
			children = (
				7F0DEA261F797C9800F144B5 /* Fonts */,
			);
			path = Resources;
			sourceTree = "<group>";
		};
		7F0DEA261F797C9800F144B5 /* Fonts */ = {
			isa = PBXGroup;
			children = (
				7F0DEA271F797D6500F144B5 /* edunline.ttf */,
			);
			name = Fonts;
			path = "../New Group/Fonts";
			sourceTree = "<group>";
		};
		7F3020A91F79EEFC001244B0 /* Entities */ = {
			isa = PBXGroup;
			children = (
				7F3020AA1F79F090001244B0 /* Entity.swift */,
			);
			path = Entities;
			sourceTree = "<group>";
		};
/* End PBXGroup section */

/* Begin PBXNativeTarget section */
		7F0DEA091F797B8C00F144B5 /* XBlaster */ = {
			isa = PBXNativeTarget;
			buildConfigurationList = 7F0DEA221F797B9300F144B5 /* Build configuration list for PBXNativeTarget "XBlaster" */;
			buildPhases = (
				7F0DEA061F797B8C00F144B5 /* Sources */,
				7F0DEA071F797B8C00F144B5 /* Frameworks */,
				7F0DEA081F797B8C00F144B5 /* Resources */,
			);
			buildRules = (
			);
			dependencies = (
			);
			name = XBlaster;
			productName = XBlaster;
			productReference = 7F0DEA0A1F797B8C00F144B5 /* XBlaster.app */;
			productType = "com.apple.product-type.application";
		};
/* End PBXNativeTarget section */

/* Begin PBXProject section */
		7F0DEA021F797B8B00F144B5 /* Project object */ = {
			isa = PBXProject;
			attributes = {
				LastSwiftUpdateCheck = 0900;
				LastUpgradeCheck = 0900;
				ORGANIZATIONNAME = "Neil Hiddink";
				TargetAttributes = {
					7F0DEA091F797B8C00F144B5 = {
						CreatedOnToolsVersion = 9.0;
						ProvisioningStyle = Automatic;
					};
				};
			};
			buildConfigurationList = 7F0DEA051F797B8B00F144B5 /* Build configuration list for PBXProject "XBlaster" */;
			compatibilityVersion = "Xcode 8.0";
			developmentRegion = en;
			hasScannedForEncodings = 0;
			knownRegions = (
				en,
				Base,
			);
			mainGroup = 7F0DEA011F797B8B00F144B5;
			productRefGroup = 7F0DEA0B1F797B8C00F144B5 /* Products */;
			projectDirPath = "";
			projectRoot = "";
			targets = (
				7F0DEA091F797B8C00F144B5 /* XBlaster */,
			);
		};
/* End PBXProject section */

/* Begin PBXResourcesBuildPhase section */
		7F0DEA081F797B8C00F144B5 /* Resources */ = {
			isa = PBXResourcesBuildPhase;
			buildActionMask = 2147483647;
			files = (
				7F0DEA191F797B9000F144B5 /* Main.storyboard in Resources */,
				7F0DEA281F797E2D00F144B5 /* edunline.ttf in Resources */,
				7F0DEA1B1F797B9000F144B5 /* Assets.xcassets in Resources */,
				7F0DEA1E1F797B9300F144B5 /* LaunchScreen.storyboard in Resources */,
			);
			runOnlyForDeploymentPostprocessing = 0;
		};
/* End PBXResourcesBuildPhase section */

/* Begin PBXSourcesBuildPhase section */
		7F0DEA061F797B8C00F144B5 /* Sources */ = {
			isa = PBXSourcesBuildPhase;
			buildActionMask = 2147483647;
			files = (
				7F3020AB1F79F091001244B0 /* Entity.swift in Sources */,
				7F0DEA141F797B8F00F144B5 /* GameScene.swift in Sources */,
				7F0DEA161F797B8F00F144B5 /* GameViewController.swift in Sources */,
				7F0DEA0E1F797B8C00F144B5 /* AppDelegate.swift in Sources */,
			);
			runOnlyForDeploymentPostprocessing = 0;
		};
/* End PBXSourcesBuildPhase section */

/* Begin PBXVariantGroup section */
		7F0DEA171F797B9000F144B5 /* Main.storyboard */ = {
			isa = PBXVariantGroup;
			children = (
				7F0DEA181F797B9000F144B5 /* Base */,
			);
			name = Main.storyboard;
			sourceTree = "<group>";
		};
		7F0DEA1C1F797B9300F144B5 /* LaunchScreen.storyboard */ = {
			isa = PBXVariantGroup;
			children = (
				7F0DEA1D1F797B9300F144B5 /* Base */,
			);
			name = LaunchScreen.storyboard;
			sourceTree = "<group>";
		};
/* End PBXVariantGroup section */

/* Begin XCBuildConfiguration section */
		7F0DEA201F797B9300F144B5 /* Debug */ = {
			isa = XCBuildConfiguration;
			buildSettings = {
				ALWAYS_SEARCH_USER_PATHS = NO;
				CLANG_ANALYZER_NONNULL = YES;
				CLANG_ANALYZER_NUMBER_OBJECT_CONVERSION = YES_AGGRESSIVE;
				CLANG_CXX_LANGUAGE_STANDARD = "gnu++14";
				CLANG_CXX_LIBRARY = "libc++";
				CLANG_ENABLE_MODULES = YES;
				CLANG_ENABLE_OBJC_ARC = YES;
				CLANG_WARN_BLOCK_CAPTURE_AUTORELEASING = YES;
				CLANG_WARN_BOOL_CONVERSION = YES;
				CLANG_WARN_COMMA = YES;
				CLANG_WARN_CONSTANT_CONVERSION = YES;
				CLANG_WARN_DIRECT_OBJC_ISA_USAGE = YES_ERROR;
				CLANG_WARN_DOCUMENTATION_COMMENTS = YES;
				CLANG_WARN_EMPTY_BODY = YES;
				CLANG_WARN_ENUM_CONVERSION = YES;
				CLANG_WARN_INFINITE_RECURSION = YES;
				CLANG_WARN_INT_CONVERSION = YES;
				CLANG_WARN_NON_LITERAL_NULL_CONVERSION = YES;
				CLANG_WARN_OBJC_LITERAL_CONVERSION = YES;
				CLANG_WARN_OBJC_ROOT_CLASS = YES_ERROR;
				CLANG_WARN_RANGE_LOOP_ANALYSIS = YES;
				CLANG_WARN_STRICT_PROTOTYPES = YES;
				CLANG_WARN_SUSPICIOUS_MOVE = YES;
				CLANG_WARN_UNGUARDED_AVAILABILITY = YES_AGGRESSIVE;
				CLANG_WARN_UNREACHABLE_CODE = YES;
				CLANG_WARN__DUPLICATE_METHOD_MATCH = YES;
				CODE_SIGN_IDENTITY = "iPhone Developer";
				COPY_PHASE_STRIP = NO;
				DEBUG_INFORMATION_FORMAT = dwarf;
				ENABLE_STRICT_OBJC_MSGSEND = YES;
				ENABLE_TESTABILITY = YES;
				GCC_C_LANGUAGE_STANDARD = gnu11;
				GCC_DYNAMIC_NO_PIC = NO;
				GCC_NO_COMMON_BLOCKS = YES;
				GCC_OPTIMIZATION_LEVEL = 0;
				GCC_PREPROCESSOR_DEFINITIONS = (
					"DEBUG=1",
					"$(inherited)",
				);
				GCC_WARN_64_TO_32_BIT_CONVERSION = YES;
				GCC_WARN_ABOUT_RETURN_TYPE = YES_ERROR;
				GCC_WARN_UNDECLARED_SELECTOR = YES;
				GCC_WARN_UNINITIALIZED_AUTOS = YES_AGGRESSIVE;
				GCC_WARN_UNUSED_FUNCTION = YES;
				GCC_WARN_UNUSED_VARIABLE = YES;
				IPHONEOS_DEPLOYMENT_TARGET = 11.0;
				MTL_ENABLE_DEBUG_INFO = YES;
				ONLY_ACTIVE_ARCH = YES;
				SDKROOT = iphoneos;
				SWIFT_ACTIVE_COMPILATION_CONDITIONS = DEBUG;
				SWIFT_OPTIMIZATION_LEVEL = "-Onone";
			};
			name = Debug;
		};
		7F0DEA211F797B9300F144B5 /* Release */ = {
			isa = XCBuildConfiguration;
			buildSettings = {
				ALWAYS_SEARCH_USER_PATHS = NO;
				CLANG_ANALYZER_NONNULL = YES;
				CLANG_ANALYZER_NUMBER_OBJECT_CONVERSION = YES_AGGRESSIVE;
				CLANG_CXX_LANGUAGE_STANDARD = "gnu++14";
				CLANG_CXX_LIBRARY = "libc++";
				CLANG_ENABLE_MODULES = YES;
				CLANG_ENABLE_OBJC_ARC = YES;
				CLANG_WARN_BLOCK_CAPTURE_AUTORELEASING = YES;
				CLANG_WARN_BOOL_CONVERSION = YES;
				CLANG_WARN_COMMA = YES;
				CLANG_WARN_CONSTANT_CONVERSION = YES;
				CLANG_WARN_DIRECT_OBJC_ISA_USAGE = YES_ERROR;
				CLANG_WARN_DOCUMENTATION_COMMENTS = YES;
				CLANG_WARN_EMPTY_BODY = YES;
				CLANG_WARN_ENUM_CONVERSION = YES;
				CLANG_WARN_INFINITE_RECURSION = YES;
				CLANG_WARN_INT_CONVERSION = YES;
				CLANG_WARN_NON_LITERAL_NULL_CONVERSION = YES;
				CLANG_WARN_OBJC_LITERAL_CONVERSION = YES;
				CLANG_WARN_OBJC_ROOT_CLASS = YES_ERROR;
				CLANG_WARN_RANGE_LOOP_ANALYSIS = YES;
				CLANG_WARN_STRICT_PROTOTYPES = YES;
				CLANG_WARN_SUSPICIOUS_MOVE = YES;
				CLANG_WARN_UNGUARDED_AVAILABILITY = YES_AGGRESSIVE;
				CLANG_WARN_UNREACHABLE_CODE = YES;
				CLANG_WARN__DUPLICATE_METHOD_MATCH = YES;
				CODE_SIGN_IDENTITY = "iPhone Developer";
				COPY_PHASE_STRIP = NO;
				DEBUG_INFORMATION_FORMAT = "dwarf-with-dsym";
				ENABLE_NS_ASSERTIONS = NO;
				ENABLE_STRICT_OBJC_MSGSEND = YES;
				GCC_C_LANGUAGE_STANDARD = gnu11;
				GCC_NO_COMMON_BLOCKS = YES;
				GCC_WARN_64_TO_32_BIT_CONVERSION = YES;
				GCC_WARN_ABOUT_RETURN_TYPE = YES_ERROR;
				GCC_WARN_UNDECLARED_SELECTOR = YES;
				GCC_WARN_UNINITIALIZED_AUTOS = YES_AGGRESSIVE;
				GCC_WARN_UNUSED_FUNCTION = YES;
				GCC_WARN_UNUSED_VARIABLE = YES;
				IPHONEOS_DEPLOYMENT_TARGET = 11.0;
				MTL_ENABLE_DEBUG_INFO = NO;
				SDKROOT = iphoneos;
				SWIFT_OPTIMIZATION_LEVEL = "-Owholemodule";
				VALIDATE_PRODUCT = YES;
			};
			name = Release;
		};
		7F0DEA231F797B9300F144B5 /* Debug */ = {
			isa = XCBuildConfiguration;
			buildSettings = {
				ASSETCATALOG_COMPILER_APPICON_NAME = AppIcon;
				CODE_SIGN_STYLE = Automatic;
				DEVELOPMENT_TEAM = 7G4UHWJ29G;
				INFOPLIST_FILE = XBlaster/Info.plist;
				LD_RUNPATH_SEARCH_PATHS = "$(inherited) @executable_path/Frameworks";
				PRODUCT_BUNDLE_IDENTIFIER = "com.Neil-Hiddink.XBlaster";
				PRODUCT_NAME = "$(TARGET_NAME)";
				SWIFT_VERSION = 4.0;
				TARGETED_DEVICE_FAMILY = "1,2";
			};
			name = Debug;
		};
		7F0DEA241F797B9300F144B5 /* Release */ = {
			isa = XCBuildConfiguration;
			buildSettings = {
				ASSETCATALOG_COMPILER_APPICON_NAME = AppIcon;
				CODE_SIGN_STYLE = Automatic;
				DEVELOPMENT_TEAM = 7G4UHWJ29G;
				INFOPLIST_FILE = XBlaster/Info.plist;
				LD_RUNPATH_SEARCH_PATHS = "$(inherited) @executable_path/Frameworks";
				PRODUCT_BUNDLE_IDENTIFIER = "com.Neil-Hiddink.XBlaster";
				PRODUCT_NAME = "$(TARGET_NAME)";
				SWIFT_VERSION = 4.0;
				TARGETED_DEVICE_FAMILY = "1,2";
			};
			name = Release;
		};
/* End XCBuildConfiguration section */

/* Begin XCConfigurationList section */
		7F0DEA051F797B8B00F144B5 /* Build configuration list for PBXProject "XBlaster" */ = {
			isa = XCConfigurationList;
			buildConfigurations = (
				7F0DEA201F797B9300F144B5 /* Debug */,
				7F0DEA211F797B9300F144B5 /* Release */,
			);
			defaultConfigurationIsVisible = 0;
			defaultConfigurationName = Release;
		};
		7F0DEA221F797B9300F144B5 /* Build configuration list for PBXNativeTarget "XBlaster" */ = {
			isa = XCConfigurationList;
			buildConfigurations = (
				7F0DEA231F797B9300F144B5 /* Debug */,
				7F0DEA241F797B9300F144B5 /* Release */,
			);
			defaultConfigurationIsVisible = 0;
			defaultConfigurationName = Release;
		};
/* End XCConfigurationList section */
	};
	rootObject = 7F0DEA021F797B8B00F144B5 /* Project object */;
}
